{
  "version": 4,
  "terraform_version": "1.11.4",
  "serial": 1542,
  "lineage": "76385060-e2bc-cc93-b47a-790ed8eef9a0",
  "outputs": {
    "account_id": {
      "value": "401739135392",
      "type": "string"
    },
    "instance_public_ip": {
      "value": [
        {
          "ami": "ami-0fc5d935ebf8bc3bc",
          "arn": "arn:aws:ec2:us-east-1:401739135392:instance/i-0c5400d68e7fde0ac",
          "associate_public_ip_address": true,
          "availability_zone": "us-east-1a",
          "capacity_reservation_specification": [
            {
              "capacity_reservation_preference": "open",
              "capacity_reservation_target": []
            }
          ],
          "cpu_core_count": 1,
          "cpu_options": [
            {
              "amd_sev_snp": "",
              "core_count": 1,
              "threads_per_core": 1
            }
          ],
          "cpu_threads_per_core": 1,
          "credit_specification": [
            {
              "cpu_credits": "standard"
            }
          ],
          "disable_api_stop": false,
          "disable_api_termination": false,
          "ebs_block_device": [],
          "ebs_optimized": false,
          "enable_primary_ipv6": null,
          "enclave_options": [
            {
              "enabled": false
            }
          ],
          "ephemeral_block_device": [],
          "get_password_data": false,
          "hibernation": false,
          "host_id": "",
          "host_resource_group_arn": null,
          "iam_instance_profile": "MyEC2InstanceProfile",
          "id": "i-0c5400d68e7fde0ac",
          "instance_initiated_shutdown_behavior": "stop",
          "instance_lifecycle": "",
          "instance_market_options": [],
          "instance_state": "running",
          "instance_type": "t2.micro",
          "ipv6_address_count": 0,
          "ipv6_addresses": [],
          "key_name": "AwsKey",
          "launch_template": [],
          "maintenance_options": [
            {
              "auto_recovery": "default"
            }
          ],
          "metadata_options": [
            {
              "http_endpoint": "enabled",
              "http_protocol_ipv6": "disabled",
              "http_put_response_hop_limit": 1,
              "http_tokens": "optional",
              "instance_metadata_tags": "disabled"
            }
          ],
          "monitoring": false,
          "network_interface": [],
          "outpost_arn": "",
          "password_data": "",
          "placement_group": "",
          "placement_partition_number": 0,
          "primary_network_interface_id": "eni-03c94719d16a4af5e",
          "private_dns": "ip-10-0-1-155.ec2.internal",
          "private_dns_name_options": [
            {
              "enable_resource_name_dns_a_record": false,
              "enable_resource_name_dns_aaaa_record": false,
              "hostname_type": "ip-name"
            }
          ],
          "private_ip": "10.0.1.155",
          "public_dns": "ec2-44-204-69-126.compute-1.amazonaws.com",
          "public_ip": "44.204.69.126",
          "root_block_device": [
            {
              "delete_on_termination": true,
              "device_name": "/dev/sda1",
              "encrypted": false,
              "iops": 100,
              "kms_key_id": "",
              "tags": {},
              "tags_all": {},
              "throughput": 0,
              "volume_id": "vol-0210704b9e99ec639",
              "volume_size": 8,
              "volume_type": "gp2"
            }
          ],
          "secondary_private_ips": [],
          "security_groups": [],
          "source_dest_check": true,
          "spot_instance_request_id": "",
          "subnet_id": "subnet-03da0975c961b037e",
          "tags": {
            "Name": "My_VPC_Web_Server"
          },
          "tags_all": {
            "Name": "My_VPC_Web_Server"
          },
          "tenancy": "default",
          "timeouts": null,
          "user_data": "146fea6aca92efe602c7c0c53eee6f41d817ffe5",
          "user_data_base64": null,
          "user_data_replace_on_change": false,
          "volume_tags": null,
          "vpc_security_group_ids": [
            "sg-01d29f5d06124d7be",
            "sg-0bf247088e2429cde"
          ]
        },
        {
          "ami": "ami-0fc5d935ebf8bc3bc",
          "arn": "arn:aws:ec2:us-east-1:401739135392:instance/i-043e53bb27fa4d107",
          "associate_public_ip_address": true,
          "availability_zone": "us-east-1a",
          "capacity_reservation_specification": [
            {
              "capacity_reservation_preference": "open",
              "capacity_reservation_target": []
            }
          ],
          "cpu_core_count": 1,
          "cpu_options": [
            {
              "amd_sev_snp": "",
              "core_count": 1,
              "threads_per_core": 1
            }
          ],
          "cpu_threads_per_core": 1,
          "credit_specification": [
            {
              "cpu_credits": "standard"
            }
          ],
          "disable_api_stop": false,
          "disable_api_termination": false,
          "ebs_block_device": [],
          "ebs_optimized": false,
          "enable_primary_ipv6": null,
          "enclave_options": [
            {
              "enabled": false
            }
          ],
          "ephemeral_block_device": [],
          "get_password_data": false,
          "hibernation": false,
          "host_id": "",
          "host_resource_group_arn": null,
          "iam_instance_profile": "MyEC2InstanceProfile",
          "id": "i-043e53bb27fa4d107",
          "instance_initiated_shutdown_behavior": "stop",
          "instance_lifecycle": "",
          "instance_market_options": [],
          "instance_state": "running",
          "instance_type": "t2.micro",
          "ipv6_address_count": 0,
          "ipv6_addresses": [],
          "key_name": "AwsKey",
          "launch_template": [],
          "maintenance_options": [
            {
              "auto_recovery": "default"
            }
          ],
          "metadata_options": [
            {
              "http_endpoint": "enabled",
              "http_protocol_ipv6": "disabled",
              "http_put_response_hop_limit": 1,
              "http_tokens": "optional",
              "instance_metadata_tags": "disabled"
            }
          ],
          "monitoring": false,
          "network_interface": [],
          "outpost_arn": "",
          "password_data": "",
          "placement_group": "",
          "placement_partition_number": 0,
          "primary_network_interface_id": "eni-0104713b745e48a90",
          "private_dns": "ip-10-0-1-80.ec2.internal",
          "private_dns_name_options": [
            {
              "enable_resource_name_dns_a_record": false,
              "enable_resource_name_dns_aaaa_record": false,
              "hostname_type": "ip-name"
            }
          ],
          "private_ip": "10.0.1.80",
          "public_dns": "ec2-52-91-14-11.compute-1.amazonaws.com",
          "public_ip": "52.91.14.11",
          "root_block_device": [
            {
              "delete_on_termination": true,
              "device_name": "/dev/sda1",
              "encrypted": false,
              "iops": 100,
              "kms_key_id": "",
              "tags": {},
              "tags_all": {},
              "throughput": 0,
              "volume_id": "vol-05cfd81368773d9e1",
              "volume_size": 8,
              "volume_type": "gp2"
            }
          ],
          "secondary_private_ips": [],
          "security_groups": [],
          "source_dest_check": true,
          "spot_instance_request_id": "",
          "subnet_id": "subnet-03da0975c961b037e",
          "tags": {
            "Name": "My_VPC_Web_Server"
          },
          "tags_all": {
            "Name": "My_VPC_Web_Server"
          },
          "tenancy": "default",
          "timeouts": null,
          "user_data": "146fea6aca92efe602c7c0c53eee6f41d817ffe5",
          "user_data_base64": null,
          "user_data_replace_on_change": false,
          "volume_tags": null,
          "vpc_security_group_ids": [
            "sg-01d29f5d06124d7be",
            "sg-0bf247088e2429cde"
          ]
        }
      ],
      "type": [
        "tuple",
        [
          [
            "object",
            {
              "ami": "string",
              "arn": "string",
              "associate_public_ip_address": "bool",
              "availability_zone": "string",
              "capacity_reservation_specification": [
                "list",
                [
                  "object",
                  {
                    "capacity_reservation_preference": "string",
                    "capacity_reservation_target": [
                      "list",
                      [
                        "object",
                        {
                          "capacity_reservation_id": "string",
                          "capacity_reservation_resource_group_arn": "string"
                        }
                      ]
                    ]
                  }
                ]
              ],
              "cpu_core_count": "number",
              "cpu_options": [
                "list",
                [
                  "object",
                  {
                    "amd_sev_snp": "string",
                    "core_count": "number",
                    "threads_per_core": "number"
                  }
                ]
              ],
              "cpu_threads_per_core": "number",
              "credit_specification": [
                "list",
                [
                  "object",
                  {
                    "cpu_credits": "string"
                  }
                ]
              ],
              "disable_api_stop": "bool",
              "disable_api_termination": "bool",
              "ebs_block_device": [
                "set",
                [
                  "object",
                  {
                    "delete_on_termination": "bool",
                    "device_name": "string",
                    "encrypted": "bool",
                    "iops": "number",
                    "kms_key_id": "string",
                    "snapshot_id": "string",
                    "tags": [
                      "map",
                      "string"
                    ],
                    "tags_all": [
                      "map",
                      "string"
                    ],
                    "throughput": "number",
                    "volume_id": "string",
                    "volume_size": "number",
                    "volume_type": "string"
                  }
                ]
              ],
              "ebs_optimized": "bool",
              "enable_primary_ipv6": "bool",
              "enclave_options": [
                "list",
                [
                  "object",
                  {
                    "enabled": "bool"
                  }
                ]
              ],
              "ephemeral_block_device": [
                "set",
                [
                  "object",
                  {
                    "device_name": "string",
                    "no_device": "bool",
                    "virtual_name": "string"
                  }
                ]
              ],
              "get_password_data": "bool",
              "hibernation": "bool",
              "host_id": "string",
              "host_resource_group_arn": "string",
              "iam_instance_profile": "string",
              "id": "string",
              "instance_initiated_shutdown_behavior": "string",
              "instance_lifecycle": "string",
              "instance_market_options": [
                "list",
                [
                  "object",
                  {
                    "market_type": "string",
                    "spot_options": [
                      "list",
                      [
                        "object",
                        {
                          "instance_interruption_behavior": "string",
                          "max_price": "string",
                          "spot_instance_type": "string",
                          "valid_until": "string"
                        }
                      ]
                    ]
                  }
                ]
              ],
              "instance_state": "string",
              "instance_type": "string",
              "ipv6_address_count": "number",
              "ipv6_addresses": [
                "list",
                "string"
              ],
              "key_name": "string",
              "launch_template": [
                "list",
                [
                  "object",
                  {
                    "id": "string",
                    "name": "string",
                    "version": "string"
                  }
                ]
              ],
              "maintenance_options": [
                "list",
                [
                  "object",
                  {
                    "auto_recovery": "string"
                  }
                ]
              ],
              "metadata_options": [
                "list",
                [
                  "object",
                  {
                    "http_endpoint": "string",
                    "http_protocol_ipv6": "string",
                    "http_put_response_hop_limit": "number",
                    "http_tokens": "string",
                    "instance_metadata_tags": "string"
                  }
                ]
              ],
              "monitoring": "bool",
              "network_interface": [
                "set",
                [
                  "object",
                  {
                    "delete_on_termination": "bool",
                    "device_index": "number",
                    "network_card_index": "number",
                    "network_interface_id": "string"
                  }
                ]
              ],
              "outpost_arn": "string",
              "password_data": "string",
              "placement_group": "string",
              "placement_partition_number": "number",
              "primary_network_interface_id": "string",
              "private_dns": "string",
              "private_dns_name_options": [
                "list",
                [
                  "object",
                  {
                    "enable_resource_name_dns_a_record": "bool",
                    "enable_resource_name_dns_aaaa_record": "bool",
                    "hostname_type": "string"
                  }
                ]
              ],
              "private_ip": "string",
              "public_dns": "string",
              "public_ip": "string",
              "root_block_device": [
                "list",
                [
                  "object",
                  {
                    "delete_on_termination": "bool",
                    "device_name": "string",
                    "encrypted": "bool",
                    "iops": "number",
                    "kms_key_id": "string",
                    "tags": [
                      "map",
                      "string"
                    ],
                    "tags_all": [
                      "map",
                      "string"
                    ],
                    "throughput": "number",
                    "volume_id": "string",
                    "volume_size": "number",
                    "volume_type": "string"
                  }
                ]
              ],
              "secondary_private_ips": [
                "set",
                "string"
              ],
              "security_groups": [
                "set",
                "string"
              ],
              "source_dest_check": "bool",
              "spot_instance_request_id": "string",
              "subnet_id": "string",
              "tags": [
                "map",
                "string"
              ],
              "tags_all": [
                "map",
                "string"
              ],
              "tenancy": "string",
              "timeouts": [
                "object",
                {
                  "create": "string",
                  "delete": "string",
                  "read": "string",
                  "update": "string"
                }
              ],
              "user_data": "string",
              "user_data_base64": "string",
              "user_data_replace_on_change": "bool",
              "volume_tags": [
                "map",
                "string"
              ],
              "vpc_security_group_ids": [
                "set",
                "string"
              ]
            }
          ],
          [
            "object",
            {
              "ami": "string",
              "arn": "string",
              "associate_public_ip_address": "bool",
              "availability_zone": "string",
              "capacity_reservation_specification": [
                "list",
                [
                  "object",
                  {
                    "capacity_reservation_preference": "string",
                    "capacity_reservation_target": [
                      "list",
                      [
                        "object",
                        {
                          "capacity_reservation_id": "string",
                          "capacity_reservation_resource_group_arn": "string"
                        }
                      ]
                    ]
                  }
                ]
              ],
              "cpu_core_count": "number",
              "cpu_options": [
                "list",
                [
                  "object",
                  {
                    "amd_sev_snp": "string",
                    "core_count": "number",
                    "threads_per_core": "number"
                  }
                ]
              ],
              "cpu_threads_per_core": "number",
              "credit_specification": [
                "list",
                [
                  "object",
                  {
                    "cpu_credits": "string"
                  }
                ]
              ],
              "disable_api_stop": "bool",
              "disable_api_termination": "bool",
              "ebs_block_device": [
                "set",
                [
                  "object",
                  {
                    "delete_on_termination": "bool",
                    "device_name": "string",
                    "encrypted": "bool",
                    "iops": "number",
                    "kms_key_id": "string",
                    "snapshot_id": "string",
                    "tags": [
                      "map",
                      "string"
                    ],
                    "tags_all": [
                      "map",
                      "string"
                    ],
                    "throughput": "number",
                    "volume_id": "string",
                    "volume_size": "number",
                    "volume_type": "string"
                  }
                ]
              ],
              "ebs_optimized": "bool",
              "enable_primary_ipv6": "bool",
              "enclave_options": [
                "list",
                [
                  "object",
                  {
                    "enabled": "bool"
                  }
                ]
              ],
              "ephemeral_block_device": [
                "set",
                [
                  "object",
                  {
                    "device_name": "string",
                    "no_device": "bool",
                    "virtual_name": "string"
                  }
                ]
              ],
              "get_password_data": "bool",
              "hibernation": "bool",
              "host_id": "string",
              "host_resource_group_arn": "string",
              "iam_instance_profile": "string",
              "id": "string",
              "instance_initiated_shutdown_behavior": "string",
              "instance_lifecycle": "string",
              "instance_market_options": [
                "list",
                [
                  "object",
                  {
                    "market_type": "string",
                    "spot_options": [
                      "list",
                      [
                        "object",
                        {
                          "instance_interruption_behavior": "string",
                          "max_price": "string",
                          "spot_instance_type": "string",
                          "valid_until": "string"
                        }
                      ]
                    ]
                  }
                ]
              ],
              "instance_state": "string",
              "instance_type": "string",
              "ipv6_address_count": "number",
              "ipv6_addresses": [
                "list",
                "string"
              ],
              "key_name": "string",
              "launch_template": [
                "list",
                [
                  "object",
                  {
                    "id": "string",
                    "name": "string",
                    "version": "string"
                  }
                ]
              ],
              "maintenance_options": [
                "list",
                [
                  "object",
                  {
                    "auto_recovery": "string"
                  }
                ]
              ],
              "metadata_options": [
                "list",
                [
                  "object",
                  {
                    "http_endpoint": "string",
                    "http_protocol_ipv6": "string",
                    "http_put_response_hop_limit": "number",
                    "http_tokens": "string",
                    "instance_metadata_tags": "string"
                  }
                ]
              ],
              "monitoring": "bool",
              "network_interface": [
                "set",
                [
                  "object",
                  {
                    "delete_on_termination": "bool",
                    "device_index": "number",
                    "network_card_index": "number",
                    "network_interface_id": "string"
                  }
                ]
              ],
              "outpost_arn": "string",
              "password_data": "string",
              "placement_group": "string",
              "placement_partition_number": "number",
              "primary_network_interface_id": "string",
              "private_dns": "string",
              "private_dns_name_options": [
                "list",
                [
                  "object",
                  {
                    "enable_resource_name_dns_a_record": "bool",
                    "enable_resource_name_dns_aaaa_record": "bool",
                    "hostname_type": "string"
                  }
                ]
              ],
              "private_ip": "string",
              "public_dns": "string",
              "public_ip": "string",
              "root_block_device": [
                "list",
                [
                  "object",
                  {
                    "delete_on_termination": "bool",
                    "device_name": "string",
                    "encrypted": "bool",
                    "iops": "number",
                    "kms_key_id": "string",
                    "tags": [
                      "map",
                      "string"
                    ],
                    "tags_all": [
                      "map",
                      "string"
                    ],
                    "throughput": "number",
                    "volume_id": "string",
                    "volume_size": "number",
                    "volume_type": "string"
                  }
                ]
              ],
              "secondary_private_ips": [
                "set",
                "string"
              ],
              "security_groups": [
                "set",
                "string"
              ],
              "source_dest_check": "bool",
              "spot_instance_request_id": "string",
              "subnet_id": "string",
              "tags": [
                "map",
                "string"
              ],
              "tags_all": [
                "map",
                "string"
              ],
              "tenancy": "string",
              "timeouts": [
                "object",
                {
                  "create": "string",
                  "delete": "string",
                  "read": "string",
                  "update": "string"
                }
              ],
              "user_data": "string",
              "user_data_base64": "string",
              "user_data_replace_on_change": "bool",
              "volume_tags": [
                "map",
                "string"
              ],
              "vpc_security_group_ids": [
                "set",
                "string"
              ]
            }
          ]
        ]
      ]
    },
    "internet_gateway_id": {
      "value": "igw-08e96bb0e03df6320",
      "type": "string"
    },
    "route_table_id": {
      "value": "rtb-02c742faeaa6c6d2c",
      "type": "string"
    },
    "ssh_private_key": {
      "value": "-----BEGIN OPENSSH PRIVATE KEY-----\nb3BlbnNzaC1rZXktdjEAAAAABG5vbmUAAAAEbm9uZQAAAAAAAAABAAACFwAAAAdzc2gtcn\nNhAAAAAwEAAQAAAgEAvXm3RDNbAUmMCgRj1q4lA2ihdEBGzo8M1NQQIybAz9ZfjIfU2xIn\nAc7nazKolfxRJzR9PgJa02lEiTjFRcWIPEK0EiIufGCNw70CSd6zqudPYMmcKFWeCP/VQD\nC0kpBYvUSZSa4kw+abnZs0KY2qtQjQInkA6Txg80spuiEYR8MEezXKplonxwRIkEGNB0+g\nYvrQU3AbQqxuaN975d1JX+bsKdmazVED4EVu+rb64MWml1hRhzNzST7iB27kI+wZ1JqG5h\nUoAPjnwgIZES6LpOxIKtfVXgQPNZdz0wHBwiXmXUcg+yUaK/+G8ftOvNzabYJS4QenHPRQ\nU+6QglPdBQ/pt7vzNHY2u8UAtWYHVnLe/FJgnC0dc+mW9JdaBiSV3YLEWdHYEHf2GyeZG4\ns07r6V389LsNrmmHQIt4OVGK4ZEKvFuOW9MsKO2cyjAbqczVNy/PhU4wIdXq2mtrhppZwx\nMLQxnSaqefI7Q+ahUzXbiNZvk2kPz7K0H3eF8dmIjc0bgoKUgc/McmVt1IFCsVabPa4H0u\n16/Of53585+MeEGb2rIomD4L8ugLhEl/tk482EH5Wj8Uxy9d3p720FE3hgQKfVlM9FZtMg\n4qfOqAfVqqpeBNaUOzrKMW617bNE9f6jQ3d7aT1mTvCmCctD2xe55C3KgizvsfxV1N6oAs\n8AAAdQ7dYLdO3WC3QAAAAHc3NoLXJzYQAAAgEAvXm3RDNbAUmMCgRj1q4lA2ihdEBGzo8M\n1NQQIybAz9ZfjIfU2xInAc7nazKolfxRJzR9PgJa02lEiTjFRcWIPEK0EiIufGCNw70CSd\n6zqudPYMmcKFWeCP/VQDC0kpBYvUSZSa4kw+abnZs0KY2qtQjQInkA6Txg80spuiEYR8ME\nezXKplonxwRIkEGNB0+gYvrQU3AbQqxuaN975d1JX+bsKdmazVED4EVu+rb64MWml1hRhz\nNzST7iB27kI+wZ1JqG5hUoAPjnwgIZES6LpOxIKtfVXgQPNZdz0wHBwiXmXUcg+yUaK/+G\n8ftOvNzabYJS4QenHPRQU+6QglPdBQ/pt7vzNHY2u8UAtWYHVnLe/FJgnC0dc+mW9JdaBi\nSV3YLEWdHYEHf2GyeZG4s07r6V389LsNrmmHQIt4OVGK4ZEKvFuOW9MsKO2cyjAbqczVNy\n/PhU4wIdXq2mtrhppZwxMLQxnSaqefI7Q+ahUzXbiNZvk2kPz7K0H3eF8dmIjc0bgoKUgc\n/McmVt1IFCsVabPa4H0u16/Of53585+MeEGb2rIomD4L8ugLhEl/tk482EH5Wj8Uxy9d3p\n720FE3hgQKfVlM9FZtMg4qfOqAfVqqpeBNaUOzrKMW617bNE9f6jQ3d7aT1mTvCmCctD2x\ne55C3KgizvsfxV1N6oAs8AAAADAQABAAACAAeb5DQHxe9QIfYNsBQLy+5jnMbmL+cVT+Qa\nHLMfWB3gk4IOuwm4ebrfsWPDgIlUEnmQaOPSb2L5tr1gphduXnwLsl80t94vIxz0XFZVbF\ndVe6wSMe8ID9UiWlDTbo+g3qzBx6VxqgX4nvuIzeL0o/bU2EWSIMBnuChSYTtuyc1T87xI\n8DmW+ZhLP+i/ISflLDaIBlFbeVTHnOrMPWsBOcmb+emXqgOgbcHrYpC3RBg+XQ7LMVb3G3\nmaXgmuC9kKHw1ueTKzMHc9h6e/CCesUVekVM+XpE4RZqpLHzp0NxuSBGVu46Ws8JdKEdlq\nM1ganGZKa1lLF+HDSUMy8OMISsyv5zrA2JgE5RzuE9TGa5RQpy5SZ5SPVEw+Oe7l3Bfc7Y\nXN+gwwtXwnpQxX2qKZhP+4BVm56hvZ6uYDJ2BUh1SiZtmO7ZYE4tbVF28wP+pVT1RVr9PZ\nz1S/Mq5Pa8FfIBJgCTjeUW+QxHcycU1fvgpBc4mp2nA/Ccsun6kYi5+CET8hweTCVgGTlI\n4YkQYhRzvhVMjmR168In2acgv8Y5ENfcP/c+KgmT9HcLKalKZ3/sHNQGvK67QPMM0xkEe5\nBr7I41wvbelCT7pTKDvSOpUUFexOFcD+cbdbyIH4plNo42tWOlG+wE37rzExsy+I7pPeXk\n+aSpiYlvSePo+XlyxtAAABAC1jsFTY6MOYIP964uNtq6OaVIQZxsCxaIJKzFV789s2eFBO\nkl4Zei/qfTILycF0Waw42AE7wxKDIR6iHgJQ8I4OGdAopQJfV/X+lqOXxHKtc2485qq9mL\ng/EPHYSrh7NnN63BWjBHywGsjbu9gUDzaYEQOmiW2hIzYV9bUBhswP419gwnPoQtu43i15\nfHzdEj+trdK1uLR+OHZGtNiC+3gO5mq2hvUPAIh3yOskpDv+0AVjYblzTs5/ccWZ/7NegC\nmnrHlqZZsXLSU2ZoYyEsn41xSJ77IqagA5TfnTglBB/i5roZmLTlF1MfgN8/WM6PtI/UnY\n6VR9ctb6eCjcYBUAAAEBAMFZ2La1q+VnYAH00OaEiITnSk6eBAzsr5/wHrI+UziM4eaiJi\nPweBih+7DHod+Rz+eSkMc3uLfKj6xly18FhIpy7idB5CXgwqOEA2WXGyaiz2UWSqHtklt9\ni7LsDKrWn+ZqRVv7RgpJYTgLvcTCpcqdgBONLfJ5TKZrCCLY+57fqqSg322Tnoqba9MV34\nc9sxS9NxaUVTqWbIdO+wtKvvF9tKzIaWVABonKbooiLEycjtgE2FGD1t75NZiFE04zedmw\nt8TKz2rKv8sPcgGnNCOHZFgbwUKHUPpBrRAJ6Elun4pCd8PQVL62wFYfA8g5XdFULy7seG\nbxP74kmc5SngsAAAEBAPreZuZvyW4Wds0B66OlGhHgg9XTVAdmfEn1c1TTCEZgz9Jsysvx\nuX8h7rVp+95KFBbt3nKOhUYzLODbRq22hQoqZPFQdgsEM00r2Y/n//GZkQTVAB/ZeQgUjE\n1rQ1Sm9nXkqTZ+n6eq8dP2YQ05coGWBUEAghRKyBHL7mBDD7YzdlxOOz1UKPCmiziApUQz\nmlJWrwaSoepY+UYhaFZO9krMvy6hH2QN6VksKybUpeKSybcb3Q/gEZYZfzGmjfMp4BRWKx\ncB8yL8H2H06NB1whCYncRNiilKr1KGbvR44ioXz7RNWB8M2L1HT519Wsm4sB7OkUmNRBGu\ngIWzghbK3M0AAAAYZW1la2FvbW9rYXJvNTRAZ21haWwuY29tAQID\n-----END OPENSSH PRIVATE KEY-----\n",
      "type": "string",
      "sensitive": true
    },
    "ssh_private_key_arn": {
      "value": "arn:aws:secretsmanager:us-east-1:401739135392:secret:new_github_ssh_private_key-agRJQB",
      "type": "string"
    },
    "ssh_security_group_id": {
      "value": "sg-0bf247088e2429cde",
      "type": "string"
    },
    "subnet_ids": {
      "value": [
        "subnet-03da0975c961b037e",
        "subnet-0d21b2882ab33e6c0"
      ],
      "type": [
        "tuple",
        [
          "string",
          "string"
        ]
      ]
    },
    "vpc_id": {
      "value": "vpc-06774e8ec1168c6d2",
      "type": "string"
    },
    "web_security_group_id": {
      "value": "sg-01d29f5d06124d7be",
      "type": "string"
    }
  },
  "resources": [
    {
      "mode": "data",
      "type": "aws_availability_zones",
      "name": "available",
      "provider": "provider[\"registry.terraform.io/hashicorp/aws\"]",
      "instances": [
        {
          "schema_version": 0,
          "attributes": {
            "all_availability_zones": null,
            "exclude_names": null,
            "exclude_zone_ids": null,
            "filter": null,
            "group_names": [
              "us-east-1-zg-1"
            ],
            "id": "us-east-1",
            "names": [
              "us-east-1a",
              "us-east-1b",
              "us-east-1c",
              "us-east-1d",
              "us-east-1e",
              "us-east-1f"
            ],
            "state": null,
            "timeouts": null,
            "zone_ids": [
              "use1-az2",
              "use1-az4",
              "use1-az6",
              "use1-az1",
              "use1-az3",
              "use1-az5"
            ]
          },
          "sensitive_attributes": []
        }
      ]
    },
    {
      "mode": "data",
      "type": "aws_caller_identity",
      "name": "current",
      "provider": "provider[\"registry.terraform.io/hashicorp/aws\"]",
      "instances": [
        {
          "schema_version": 0,
          "attributes": {
            "account_id": "401739135392",
            "arn": "arn:aws:iam::401739135392:user/omokaro",
            "id": "401739135392",
            "user_id": "AIDAV3CMEXGQPPJZWRFDT"
          },
          "sensitive_attributes": []
        }
      ]
    },
    {
      "mode": "data",
      "type": "aws_secretsmanager_secret",
      "name": "github_ssh_key",
      "provider": "provider[\"registry.terraform.io/hashicorp/aws\"]",
      "instances": [
        {
          "schema_version": 0,
          "attributes": {
            "arn": "arn:aws:secretsmanager:us-east-1:401739135392:secret:new_github_ssh_private_key-agRJQB",
            "created_date": "2025-05-17T13:32:43Z",
            "description": "GitHub SSH Private Key for EC2 Access",
            "id": "arn:aws:secretsmanager:us-east-1:401739135392:secret:new_github_ssh_private_key-agRJQB",
            "kms_key_id": "",
            "last_changed_date": "2025-05-17T13:32:43Z",
            "name": "new_github_ssh_private_key",
            "policy": "",
            "tags": {}
          },
          "sensitive_attributes": []
        }
      ]
    },
    {
      "mode": "data",
      "type": "aws_secretsmanager_secret_version",
      "name": "github_ssh_key",
      "provider": "provider[\"registry.terraform.io/hashicorp/aws\"]",
      "instances": [
        {
          "schema_version": 0,
          "attributes": {
            "arn": "arn:aws:secretsmanager:us-east-1:401739135392:secret:new_github_ssh_private_key-agRJQB",
            "created_date": "2025-05-17T13:32:43Z",
            "id": "arn:aws:secretsmanager:us-east-1:401739135392:secret:new_github_ssh_private_key-agRJQB|AWSCURRENT",
            "secret_binary": "",
            "secret_id": "arn:aws:secretsmanager:us-east-1:401739135392:secret:new_github_ssh_private_key-agRJQB",
            "secret_string": "-----BEGIN OPENSSH PRIVATE KEY-----\nb3BlbnNzaC1rZXktdjEAAAAABG5vbmUAAAAEbm9uZQAAAAAAAAABAAACFwAAAAdzc2gtcn\nNhAAAAAwEAAQAAAgEAvXm3RDNbAUmMCgRj1q4lA2ihdEBGzo8M1NQQIybAz9ZfjIfU2xIn\nAc7nazKolfxRJzR9PgJa02lEiTjFRcWIPEK0EiIufGCNw70CSd6zqudPYMmcKFWeCP/VQD\nC0kpBYvUSZSa4kw+abnZs0KY2qtQjQInkA6Txg80spuiEYR8MEezXKplonxwRIkEGNB0+g\nYvrQU3AbQqxuaN975d1JX+bsKdmazVED4EVu+rb64MWml1hRhzNzST7iB27kI+wZ1JqG5h\nUoAPjnwgIZES6LpOxIKtfVXgQPNZdz0wHBwiXmXUcg+yUaK/+G8ftOvNzabYJS4QenHPRQ\nU+6QglPdBQ/pt7vzNHY2u8UAtWYHVnLe/FJgnC0dc+mW9JdaBiSV3YLEWdHYEHf2GyeZG4\ns07r6V389LsNrmmHQIt4OVGK4ZEKvFuOW9MsKO2cyjAbqczVNy/PhU4wIdXq2mtrhppZwx\nMLQxnSaqefI7Q+ahUzXbiNZvk2kPz7K0H3eF8dmIjc0bgoKUgc/McmVt1IFCsVabPa4H0u\n16/Of53585+MeEGb2rIomD4L8ugLhEl/tk482EH5Wj8Uxy9d3p720FE3hgQKfVlM9FZtMg\n4qfOqAfVqqpeBNaUOzrKMW617bNE9f6jQ3d7aT1mTvCmCctD2xe55C3KgizvsfxV1N6oAs\n8AAAdQ7dYLdO3WC3QAAAAHc3NoLXJzYQAAAgEAvXm3RDNbAUmMCgRj1q4lA2ihdEBGzo8M\n1NQQIybAz9ZfjIfU2xInAc7nazKolfxRJzR9PgJa02lEiTjFRcWIPEK0EiIufGCNw70CSd\n6zqudPYMmcKFWeCP/VQDC0kpBYvUSZSa4kw+abnZs0KY2qtQjQInkA6Txg80spuiEYR8ME\nezXKplonxwRIkEGNB0+gYvrQU3AbQqxuaN975d1JX+bsKdmazVED4EVu+rb64MWml1hRhz\nNzST7iB27kI+wZ1JqG5hUoAPjnwgIZES6LpOxIKtfVXgQPNZdz0wHBwiXmXUcg+yUaK/+G\n8ftOvNzabYJS4QenHPRQU+6QglPdBQ/pt7vzNHY2u8UAtWYHVnLe/FJgnC0dc+mW9JdaBi\nSV3YLEWdHYEHf2GyeZG4s07r6V389LsNrmmHQIt4OVGK4ZEKvFuOW9MsKO2cyjAbqczVNy\n/PhU4wIdXq2mtrhppZwxMLQxnSaqefI7Q+ahUzXbiNZvk2kPz7K0H3eF8dmIjc0bgoKUgc\n/McmVt1IFCsVabPa4H0u16/Of53585+MeEGb2rIomD4L8ugLhEl/tk482EH5Wj8Uxy9d3p\n720FE3hgQKfVlM9FZtMg4qfOqAfVqqpeBNaUOzrKMW617bNE9f6jQ3d7aT1mTvCmCctD2x\ne55C3KgizvsfxV1N6oAs8AAAADAQABAAACAAeb5DQHxe9QIfYNsBQLy+5jnMbmL+cVT+Qa\nHLMfWB3gk4IOuwm4ebrfsWPDgIlUEnmQaOPSb2L5tr1gphduXnwLsl80t94vIxz0XFZVbF\ndVe6wSMe8ID9UiWlDTbo+g3qzBx6VxqgX4nvuIzeL0o/bU2EWSIMBnuChSYTtuyc1T87xI\n8DmW+ZhLP+i/ISflLDaIBlFbeVTHnOrMPWsBOcmb+emXqgOgbcHrYpC3RBg+XQ7LMVb3G3\nmaXgmuC9kKHw1ueTKzMHc9h6e/CCesUVekVM+XpE4RZqpLHzp0NxuSBGVu46Ws8JdKEdlq\nM1ganGZKa1lLF+HDSUMy8OMISsyv5zrA2JgE5RzuE9TGa5RQpy5SZ5SPVEw+Oe7l3Bfc7Y\nXN+gwwtXwnpQxX2qKZhP+4BVm56hvZ6uYDJ2BUh1SiZtmO7ZYE4tbVF28wP+pVT1RVr9PZ\nz1S/Mq5Pa8FfIBJgCTjeUW+QxHcycU1fvgpBc4mp2nA/Ccsun6kYi5+CET8hweTCVgGTlI\n4YkQYhRzvhVMjmR168In2acgv8Y5ENfcP/c+KgmT9HcLKalKZ3/sHNQGvK67QPMM0xkEe5\nBr7I41wvbelCT7pTKDvSOpUUFexOFcD+cbdbyIH4plNo42tWOlG+wE37rzExsy+I7pPeXk\n+aSpiYlvSePo+XlyxtAAABAC1jsFTY6MOYIP964uNtq6OaVIQZxsCxaIJKzFV789s2eFBO\nkl4Zei/qfTILycF0Waw42AE7wxKDIR6iHgJQ8I4OGdAopQJfV/X+lqOXxHKtc2485qq9mL\ng/EPHYSrh7NnN63BWjBHywGsjbu9gUDzaYEQOmiW2hIzYV9bUBhswP419gwnPoQtu43i15\nfHzdEj+trdK1uLR+OHZGtNiC+3gO5mq2hvUPAIh3yOskpDv+0AVjYblzTs5/ccWZ/7NegC\nmnrHlqZZsXLSU2ZoYyEsn41xSJ77IqagA5TfnTglBB/i5roZmLTlF1MfgN8/WM6PtI/UnY\n6VR9ctb6eCjcYBUAAAEBAMFZ2La1q+VnYAH00OaEiITnSk6eBAzsr5/wHrI+UziM4eaiJi\nPweBih+7DHod+Rz+eSkMc3uLfKj6xly18FhIpy7idB5CXgwqOEA2WXGyaiz2UWSqHtklt9\ni7LsDKrWn+ZqRVv7RgpJYTgLvcTCpcqdgBONLfJ5TKZrCCLY+57fqqSg322Tnoqba9MV34\nc9sxS9NxaUVTqWbIdO+wtKvvF9tKzIaWVABonKbooiLEycjtgE2FGD1t75NZiFE04zedmw\nt8TKz2rKv8sPcgGnNCOHZFgbwUKHUPpBrRAJ6Elun4pCd8PQVL62wFYfA8g5XdFULy7seG\nbxP74kmc5SngsAAAEBAPreZuZvyW4Wds0B66OlGhHgg9XTVAdmfEn1c1TTCEZgz9Jsysvx\nuX8h7rVp+95KFBbt3nKOhUYzLODbRq22hQoqZPFQdgsEM00r2Y/n//GZkQTVAB/ZeQgUjE\n1rQ1Sm9nXkqTZ+n6eq8dP2YQ05coGWBUEAghRKyBHL7mBDD7YzdlxOOz1UKPCmiziApUQz\nmlJWrwaSoepY+UYhaFZO9krMvy6hH2QN6VksKybUpeKSybcb3Q/gEZYZfzGmjfMp4BRWKx\ncB8yL8H2H06NB1whCYncRNiilKr1KGbvR44ioXz7RNWB8M2L1HT519Wsm4sB7OkUmNRBGu\ngIWzghbK3M0AAAAYZW1la2FvbW9rYXJvNTRAZ21haWwuY29tAQID\n-----END OPENSSH PRIVATE KEY-----\n",
            "version_id": "ae285f75-9cb2-4a7d-bdd2-7912ec096e16",
            "version_stage": "AWSCURRENT",
            "version_stages": [
              "AWSCURRENT"
            ]
          },
          "sensitive_attributes": [
            [
              {
                "type": "get_attr",
                "value": "secret_string"
              }
            ],
            [
              {
                "type": "get_attr",
                "value": "secret_binary"
              }
            ]
          ]
        }
      ]
    },
    {
      "mode": "managed",
      "type": "aws_iam_instance_profile",
      "name": "ec2_instance_profile",
      "provider": "provider[\"registry.terraform.io/hashicorp/aws\"]",
      "instances": [
        {
          "schema_version": 0,
          "attributes": {
            "arn": "arn:aws:iam::401739135392:instance-profile/MyEC2InstanceProfile",
            "create_date": "2025-05-26T08:46:47Z",
            "id": "MyEC2InstanceProfile",
            "name": "MyEC2InstanceProfile",
            "name_prefix": "",
            "path": "/",
            "role": "ForEC2SecretsRole",
            "tags": null,
            "tags_all": {},
            "unique_id": "AIPAV3CMEXGQEEVHUBTLE"
          },
          "sensitive_attributes": [],
          "private": "bnVsbA==",
          "dependencies": [
            "aws_iam_role.ec2_secrets_role"
          ]
        }
      ]
    },
    {
      "mode": "managed",
      "type": "aws_iam_policy",
      "name": "ec2_secrets_policy",
      "provider": "provider[\"registry.terraform.io/hashicorp/aws\"]",
      "instances": [
        {
          "schema_version": 0,
          "attributes": {
            "arn": "arn:aws:iam::401739135392:policy/EC2SecretsManagerPolicy",
            "attachment_count": 0,
            "description": "Allows EC2 to get GitHub SSH Key from Secrets Manager",
            "id": "arn:aws:iam::401739135392:policy/EC2SecretsManagerPolicy",
            "name": "EC2SecretsManagerPolicy",
            "name_prefix": "",
            "path": "/",
            "policy": "{\"Statement\":[{\"Action\":[\"secretsmanager:GetSecretValue\",\"secretsmanager:DescribeSecret\"],\"Effect\":\"Allow\",\"Resource\":\"arn:aws:secretsmanager:us-east-1:401739135392:secret:new_github_ssh_private_key-*\"}],\"Version\":\"2012-10-17\"}",
            "policy_id": "ANPAV3CMEXGQMHRH3SP5U",
            "tags": null,
            "tags_all": {}
          },
          "sensitive_attributes": [],
          "private": "bnVsbA==",
          "dependencies": [
            "data.aws_caller_identity.current"
          ]
        }
      ]
    },
    {
      "mode": "managed",
      "type": "aws_iam_role",
      "name": "ec2_secrets_role",
      "provider": "provider[\"registry.terraform.io/hashicorp/aws\"]",
      "instances": [
        {
          "schema_version": 0,
          "attributes": {
            "arn": "arn:aws:iam::401739135392:role/ForEC2SecretsRole",
            "assume_role_policy": "{\"Statement\":[{\"Action\":\"sts:AssumeRole\",\"Effect\":\"Allow\",\"Principal\":{\"Service\":\"ec2.amazonaws.com\"}}],\"Version\":\"2012-10-17\"}",
            "create_date": "2025-05-26T08:46:46Z",
            "description": "",
            "force_detach_policies": false,
            "id": "ForEC2SecretsRole",
            "inline_policy": [],
            "managed_policy_arns": [],
            "max_session_duration": 3600,
            "name": "ForEC2SecretsRole",
            "name_prefix": "",
            "path": "/",
            "permissions_boundary": "",
            "tags": null,
            "tags_all": {},
            "unique_id": "AROAV3CMEXGQGQWOQRBWI"
          },
          "sensitive_attributes": [],
          "private": "bnVsbA=="
        }
      ]
    },
    {
      "mode": "managed",
      "type": "aws_iam_role_policy_attachment",
      "name": "attach_secrets_policy",
      "provider": "provider[\"registry.terraform.io/hashicorp/aws\"]",
      "instances": [
        {
          "schema_version": 0,
          "attributes": {
            "id": "ForEC2SecretsRole-20250526084645787000000001",
            "policy_arn": "arn:aws:iam::401739135392:policy/EC2SecretsManagerPolicy",
            "role": "ForEC2SecretsRole"
          },
          "sensitive_attributes": [],
          "private": "bnVsbA==",
          "dependencies": [
            "aws_iam_policy.ec2_secrets_policy",
            "aws_iam_role.ec2_secrets_role",
            "data.aws_caller_identity.current"
          ]
        }
      ]
    },
    {
      "mode": "managed",
      "type": "aws_instance",
      "name": "public_server",
      "provider": "provider[\"registry.terraform.io/hashicorp/aws\"]",
      "instances": [
        {
          "index_key": 0,
          "schema_version": 1,
          "attributes": {
            "ami": "ami-0fc5d935ebf8bc3bc",
            "arn": "arn:aws:ec2:us-east-1:401739135392:instance/i-0c5400d68e7fde0ac",
            "associate_public_ip_address": true,
            "availability_zone": "us-east-1a",
            "capacity_reservation_specification": [
              {
                "capacity_reservation_preference": "open",
                "capacity_reservation_target": []
              }
            ],
            "cpu_core_count": 1,
            "cpu_options": [
              {
                "amd_sev_snp": "",
                "core_count": 1,
                "threads_per_core": 1
              }
            ],
            "cpu_threads_per_core": 1,
            "credit_specification": [
              {
                "cpu_credits": "standard"
              }
            ],
            "disable_api_stop": false,
            "disable_api_termination": false,
            "ebs_block_device": [],
            "ebs_optimized": false,
            "enable_primary_ipv6": null,
            "enclave_options": [
              {
                "enabled": false
              }
            ],
            "ephemeral_block_device": [],
            "get_password_data": false,
            "hibernation": false,
            "host_id": "",
            "host_resource_group_arn": null,
            "iam_instance_profile": "MyEC2InstanceProfile",
            "id": "i-0c5400d68e7fde0ac",
            "instance_initiated_shutdown_behavior": "stop",
            "instance_lifecycle": "",
            "instance_market_options": [],
            "instance_state": "running",
            "instance_type": "t2.micro",
            "ipv6_address_count": 0,
            "ipv6_addresses": [],
            "key_name": "AwsKey",
            "launch_template": [],
            "maintenance_options": [
              {
                "auto_recovery": "default"
              }
            ],
            "metadata_options": [
              {
                "http_endpoint": "enabled",
                "http_protocol_ipv6": "disabled",
                "http_put_response_hop_limit": 1,
                "http_tokens": "optional",
                "instance_metadata_tags": "disabled"
              }
            ],
            "monitoring": false,
            "network_interface": [],
            "outpost_arn": "",
            "password_data": "",
            "placement_group": "",
            "placement_partition_number": 0,
            "primary_network_interface_id": "eni-03c94719d16a4af5e",
            "private_dns": "ip-10-0-1-155.ec2.internal",
            "private_dns_name_options": [
              {
                "enable_resource_name_dns_a_record": false,
                "enable_resource_name_dns_aaaa_record": false,
                "hostname_type": "ip-name"
              }
            ],
            "private_ip": "10.0.1.155",
            "public_dns": "ec2-44-204-69-126.compute-1.amazonaws.com",
            "public_ip": "44.204.69.126",
            "root_block_device": [
              {
                "delete_on_termination": true,
                "device_name": "/dev/sda1",
                "encrypted": false,
                "iops": 100,
                "kms_key_id": "",
                "tags": {},
                "tags_all": {},
                "throughput": 0,
                "volume_id": "vol-0210704b9e99ec639",
                "volume_size": 8,
                "volume_type": "gp2"
              }
            ],
            "secondary_private_ips": [],
            "security_groups": [],
            "source_dest_check": true,
            "spot_instance_request_id": "",
            "subnet_id": "subnet-03da0975c961b037e",
            "tags": {
              "Name": "My_VPC_Web_Server"
            },
            "tags_all": {
              "Name": "My_VPC_Web_Server"
            },
            "tenancy": "default",
            "timeouts": null,
            "user_data": "146fea6aca92efe602c7c0c53eee6f41d817ffe5",
            "user_data_base64": null,
            "user_data_replace_on_change": false,
            "volume_tags": null,
            "vpc_security_group_ids": [
              "sg-01d29f5d06124d7be",
              "sg-0bf247088e2429cde"
            ]
          },
          "sensitive_attributes": [],
          "private": "eyJlMmJmYjczMC1lY2FhLTExZTYtOGY4OC0zNDM2M2JjN2M0YzAiOnsiY3JlYXRlIjo2MDAwMDAwMDAwMDAsImRlbGV0ZSI6MTIwMDAwMDAwMDAwMCwicmVhZCI6OTAwMDAwMDAwMDAwLCJ1cGRhdGUiOjYwMDAwMDAwMDAwMH0sInNjaGVtYV92ZXJzaW9uIjoiMSJ9",
          "dependencies": [
            "aws_iam_instance_profile.ec2_instance_profile",
            "aws_iam_role.ec2_secrets_role",
            "aws_security_group.ssh_sg",
            "aws_security_group.web_sg",
            "aws_subnet.for_publicEC2",
            "aws_vpc.my_vpc",
            "data.aws_availability_zones.available"
          ]
        },
        {
          "index_key": 1,
          "schema_version": 1,
          "attributes": {
            "ami": "ami-0fc5d935ebf8bc3bc",
            "arn": "arn:aws:ec2:us-east-1:401739135392:instance/i-043e53bb27fa4d107",
            "associate_public_ip_address": true,
            "availability_zone": "us-east-1a",
            "capacity_reservation_specification": [
              {
                "capacity_reservation_preference": "open",
                "capacity_reservation_target": []
              }
            ],
            "cpu_core_count": 1,
            "cpu_options": [
              {
                "amd_sev_snp": "",
                "core_count": 1,
                "threads_per_core": 1
              }
            ],
            "cpu_threads_per_core": 1,
            "credit_specification": [
              {
                "cpu_credits": "standard"
              }
            ],
            "disable_api_stop": false,
            "disable_api_termination": false,
            "ebs_block_device": [],
            "ebs_optimized": false,
            "enable_primary_ipv6": null,
            "enclave_options": [
              {
                "enabled": false
              }
            ],
            "ephemeral_block_device": [],
            "get_password_data": false,
            "hibernation": false,
            "host_id": "",
            "host_resource_group_arn": null,
            "iam_instance_profile": "MyEC2InstanceProfile",
            "id": "i-043e53bb27fa4d107",
            "instance_initiated_shutdown_behavior": "stop",
            "instance_lifecycle": "",
            "instance_market_options": [],
            "instance_state": "running",
            "instance_type": "t2.micro",
            "ipv6_address_count": 0,
            "ipv6_addresses": [],
            "key_name": "AwsKey",
            "launch_template": [],
            "maintenance_options": [
              {
                "auto_recovery": "default"
              }
            ],
            "metadata_options": [
              {
                "http_endpoint": "enabled",
                "http_protocol_ipv6": "disabled",
                "http_put_response_hop_limit": 1,
                "http_tokens": "optional",
                "instance_metadata_tags": "disabled"
              }
            ],
            "monitoring": false,
            "network_interface": [],
            "outpost_arn": "",
            "password_data": "",
            "placement_group": "",
            "placement_partition_number": 0,
            "primary_network_interface_id": "eni-0104713b745e48a90",
            "private_dns": "ip-10-0-1-80.ec2.internal",
            "private_dns_name_options": [
              {
                "enable_resource_name_dns_a_record": false,
                "enable_resource_name_dns_aaaa_record": false,
                "hostname_type": "ip-name"
              }
            ],
            "private_ip": "10.0.1.80",
            "public_dns": "ec2-52-91-14-11.compute-1.amazonaws.com",
            "public_ip": "52.91.14.11",
            "root_block_device": [
              {
                "delete_on_termination": true,
                "device_name": "/dev/sda1",
                "encrypted": false,
                "iops": 100,
                "kms_key_id": "",
                "tags": {},
                "tags_all": {},
                "throughput": 0,
                "volume_id": "vol-05cfd81368773d9e1",
                "volume_size": 8,
                "volume_type": "gp2"
              }
            ],
            "secondary_private_ips": [],
            "security_groups": [],
            "source_dest_check": true,
            "spot_instance_request_id": "",
            "subnet_id": "subnet-03da0975c961b037e",
            "tags": {
              "Name": "My_VPC_Web_Server"
            },
            "tags_all": {
              "Name": "My_VPC_Web_Server"
            },
            "tenancy": "default",
            "timeouts": null,
            "user_data": "146fea6aca92efe602c7c0c53eee6f41d817ffe5",
            "user_data_base64": null,
            "user_data_replace_on_change": false,
            "volume_tags": null,
            "vpc_security_group_ids": [
              "sg-01d29f5d06124d7be",
              "sg-0bf247088e2429cde"
            ]
          },
          "sensitive_attributes": [],
          "private": "eyJlMmJmYjczMC1lY2FhLTExZTYtOGY4OC0zNDM2M2JjN2M0YzAiOnsiY3JlYXRlIjo2MDAwMDAwMDAwMDAsImRlbGV0ZSI6MTIwMDAwMDAwMDAwMCwicmVhZCI6OTAwMDAwMDAwMDAwLCJ1cGRhdGUiOjYwMDAwMDAwMDAwMH0sInNjaGVtYV92ZXJzaW9uIjoiMSJ9",
          "dependencies": [
            "aws_iam_instance_profile.ec2_instance_profile",
            "aws_iam_role.ec2_secrets_role",
            "aws_security_group.ssh_sg",
            "aws_security_group.web_sg",
            "aws_subnet.for_publicEC2",
            "aws_vpc.my_vpc",
            "data.aws_availability_zones.available"
          ]
        }
      ]
    },
    {
      "mode": "managed",
      "type": "aws_internet_gateway",
      "name": "my_vpc_igw",
      "provider": "provider[\"registry.terraform.io/hashicorp/aws\"]",
      "instances": [
        {
          "schema_version": 0,
          "attributes": {
            "arn": "arn:aws:ec2:us-east-1:401739135392:internet-gateway/igw-08e96bb0e03df6320",
            "id": "igw-08e96bb0e03df6320",
            "owner_id": "401739135392",
            "tags": {
              "Name": "My_VPC_IGW"
            },
            "tags_all": {
              "Name": "My_VPC_IGW"
            },
            "timeouts": null,
            "vpc_id": "vpc-06774e8ec1168c6d2"
          },
          "sensitive_attributes": [],
          "private": "eyJlMmJmYjczMC1lY2FhLTExZTYtOGY4OC0zNDM2M2JjN2M0YzAiOnsiY3JlYXRlIjoxMjAwMDAwMDAwMDAwLCJkZWxldGUiOjEyMDAwMDAwMDAwMDAsInVwZGF0ZSI6MTIwMDAwMDAwMDAwMH19",
          "dependencies": [
            "aws_vpc.my_vpc"
          ]
        }
      ]
    },
    {
      "mode": "managed",
      "type": "aws_route_table",
      "name": "for_public_access",
      "provider": "provider[\"registry.terraform.io/hashicorp/aws\"]",
      "instances": [
        {
          "schema_version": 0,
          "attributes": {
            "arn": "arn:aws:ec2:us-east-1:401739135392:route-table/rtb-02c742faeaa6c6d2c",
            "id": "rtb-02c742faeaa6c6d2c",
            "owner_id": "401739135392",
            "propagating_vgws": [],
            "route": [
              {
                "carrier_gateway_id": "",
                "cidr_block": "0.0.0.0/0",
                "core_network_arn": "",
                "destination_prefix_list_id": "",
                "egress_only_gateway_id": "",
                "gateway_id": "igw-08e96bb0e03df6320",
                "ipv6_cidr_block": "",
                "local_gateway_id": "",
                "nat_gateway_id": "",
                "network_interface_id": "",
                "transit_gateway_id": "",
                "vpc_endpoint_id": "",
                "vpc_peering_connection_id": ""
              }
            ],
            "tags": {
              "Name": "My_VPC_RT"
            },
            "tags_all": {
              "Name": "My_VPC_RT"
            },
            "timeouts": null,
            "vpc_id": "vpc-06774e8ec1168c6d2"
          },
          "sensitive_attributes": [],
          "private": "eyJlMmJmYjczMC1lY2FhLTExZTYtOGY4OC0zNDM2M2JjN2M0YzAiOnsiY3JlYXRlIjozMDAwMDAwMDAwMDAsImRlbGV0ZSI6MzAwMDAwMDAwMDAwLCJ1cGRhdGUiOjEyMDAwMDAwMDAwMH19",
          "dependencies": [
            "aws_internet_gateway.my_vpc_igw",
            "aws_vpc.my_vpc"
          ]
        }
      ]
    },
    {
      "mode": "managed",
      "type": "aws_route_table_association",
      "name": "public",
      "provider": "provider[\"registry.terraform.io/hashicorp/aws\"]",
      "instances": [
        {
          "index_key": 0,
          "schema_version": 0,
          "attributes": {
            "gateway_id": "",
            "id": "rtbassoc-0d9179a59cb683ec8",
            "route_table_id": "rtb-02c742faeaa6c6d2c",
            "subnet_id": "subnet-03da0975c961b037e",
            "timeouts": null
          },
          "sensitive_attributes": [],
          "private": "eyJlMmJmYjczMC1lY2FhLTExZTYtOGY4OC0zNDM2M2JjN2M0YzAiOnsiY3JlYXRlIjozMDAwMDAwMDAwMDAsImRlbGV0ZSI6MzAwMDAwMDAwMDAwLCJ1cGRhdGUiOjEyMDAwMDAwMDAwMH19",
          "dependencies": [
            "aws_internet_gateway.my_vpc_igw",
            "aws_route_table.for_public_access",
            "aws_subnet.for_publicEC2",
            "aws_vpc.my_vpc",
            "data.aws_availability_zones.available"
          ]
        },
        {
          "index_key": 1,
          "schema_version": 0,
          "attributes": {
            "gateway_id": "",
            "id": "rtbassoc-0939b051cf6ef51b5",
            "route_table_id": "rtb-02c742faeaa6c6d2c",
            "subnet_id": "subnet-0d21b2882ab33e6c0",
            "timeouts": null
          },
          "sensitive_attributes": [],
          "private": "eyJlMmJmYjczMC1lY2FhLTExZTYtOGY4OC0zNDM2M2JjN2M0YzAiOnsiY3JlYXRlIjozMDAwMDAwMDAwMDAsImRlbGV0ZSI6MzAwMDAwMDAwMDAwLCJ1cGRhdGUiOjEyMDAwMDAwMDAwMH19",
          "dependencies": [
            "aws_internet_gateway.my_vpc_igw",
            "aws_route_table.for_public_access",
            "aws_subnet.for_publicEC2",
            "aws_vpc.my_vpc",
            "data.aws_availability_zones.available"
          ]
        }
      ]
    },
    {
      "mode": "managed",
      "type": "aws_security_group",
      "name": "ssh_sg",
      "provider": "provider[\"registry.terraform.io/hashicorp/aws\"]",
      "instances": [
        {
          "schema_version": 1,
          "attributes": {
            "arn": "arn:aws:ec2:us-east-1:401739135392:security-group/sg-0bf247088e2429cde",
            "description": "Allow SSH access",
            "egress": [
              {
                "cidr_blocks": [
                  "0.0.0.0/0"
                ],
                "description": "",
                "from_port": 0,
                "ipv6_cidr_blocks": [],
                "prefix_list_ids": [],
                "protocol": "-1",
                "security_groups": [],
                "self": false,
                "to_port": 0
              }
            ],
            "id": "sg-0bf247088e2429cde",
            "ingress": [
              {
                "cidr_blocks": [
                  "0.0.0.0/0"
                ],
                "description": "",
                "from_port": 22,
                "ipv6_cidr_blocks": [],
                "prefix_list_ids": [],
                "protocol": "tcp",
                "security_groups": [],
                "self": false,
                "to_port": 22
              }
            ],
            "name": "ssh-sg",
            "name_prefix": "",
            "owner_id": "401739135392",
            "revoke_rules_on_delete": false,
            "tags": {
              "Name": "My_VPC_SSH"
            },
            "tags_all": {
              "Name": "My_VPC_SSH"
            },
            "timeouts": null,
            "vpc_id": "vpc-06774e8ec1168c6d2"
          },
          "sensitive_attributes": [],
          "private": "eyJlMmJmYjczMC1lY2FhLTExZTYtOGY4OC0zNDM2M2JjN2M0YzAiOnsiY3JlYXRlIjo2MDAwMDAwMDAwMDAsImRlbGV0ZSI6OTAwMDAwMDAwMDAwfSwic2NoZW1hX3ZlcnNpb24iOiIxIn0=",
          "dependencies": [
            "aws_vpc.my_vpc"
          ]
        }
      ]
    },
    {
      "mode": "managed",
      "type": "aws_security_group",
      "name": "web_sg",
      "provider": "provider[\"registry.terraform.io/hashicorp/aws\"]",
      "instances": [
        {
          "schema_version": 1,
          "attributes": {
            "arn": "arn:aws:ec2:us-east-1:401739135392:security-group/sg-01d29f5d06124d7be",
            "description": "Allow HTTP and HTTPS",
            "egress": [
              {
                "cidr_blocks": [
                  "0.0.0.0/0"
                ],
                "description": "",
                "from_port": 0,
                "ipv6_cidr_blocks": [],
                "prefix_list_ids": [],
                "protocol": "-1",
                "security_groups": [],
                "self": false,
                "to_port": 0
              }
            ],
            "id": "sg-01d29f5d06124d7be",
            "ingress": [
              {
                "cidr_blocks": [
                  "0.0.0.0/0"
                ],
                "description": "",
                "from_port": 443,
                "ipv6_cidr_blocks": [],
                "prefix_list_ids": [],
                "protocol": "tcp",
                "security_groups": [],
                "self": false,
                "to_port": 443
              },
              {
                "cidr_blocks": [
                  "0.0.0.0/0"
                ],
                "description": "",
                "from_port": 80,
                "ipv6_cidr_blocks": [],
                "prefix_list_ids": [],
                "protocol": "tcp",
                "security_groups": [],
                "self": false,
                "to_port": 80
              }
            ],
            "name": "web-sg",
            "name_prefix": "",
            "owner_id": "401739135392",
            "revoke_rules_on_delete": false,
            "tags": {
              "Name": "My_VPC_SG"
            },
            "tags_all": {
              "Name": "My_VPC_SG"
            },
            "timeouts": null,
            "vpc_id": "vpc-06774e8ec1168c6d2"
          },
          "sensitive_attributes": [],
          "private": "eyJlMmJmYjczMC1lY2FhLTExZTYtOGY4OC0zNDM2M2JjN2M0YzAiOnsiY3JlYXRlIjo2MDAwMDAwMDAwMDAsImRlbGV0ZSI6OTAwMDAwMDAwMDAwfSwic2NoZW1hX3ZlcnNpb24iOiIxIn0=",
          "dependencies": [
            "aws_vpc.my_vpc"
          ]
        }
      ]
    },
    {
      "mode": "managed",
      "type": "aws_security_group_rule",
      "name": "allow_ssh_to_ec2",
      "provider": "provider[\"registry.terraform.io/hashicorp/aws\"]",
      "instances": [
        {
          "schema_version": 2,
          "attributes": {
            "cidr_blocks": null,
            "description": null,
            "from_port": 22,
            "id": "sgrule-3853549247",
            "ipv6_cidr_blocks": null,
            "prefix_list_ids": null,
            "protocol": "tcp",
            "security_group_id": "sg-01d29f5d06124d7be",
            "security_group_rule_id": "sgr-08ec6899f67ef811d",
            "self": false,
            "source_security_group_id": "sg-0bf247088e2429cde",
            "timeouts": null,
            "to_port": 22,
            "type": "ingress"
          },
          "sensitive_attributes": [],
          "private": "eyJlMmJmYjczMC1lY2FhLTExZTYtOGY4OC0zNDM2M2JjN2M0YzAiOnsiY3JlYXRlIjozMDAwMDAwMDAwMDB9LCJzY2hlbWFfdmVyc2lvbiI6IjIifQ==",
          "dependencies": [
            "aws_security_group.ssh_sg",
            "aws_security_group.web_sg",
            "aws_vpc.my_vpc"
          ]
        }
      ]
    },
    {
      "mode": "managed",
      "type": "aws_subnet",
      "name": "for_publicEC2",
      "provider": "provider[\"registry.terraform.io/hashicorp/aws\"]",
      "instances": [
        {
          "index_key": 0,
          "schema_version": 1,
          "attributes": {
            "arn": "arn:aws:ec2:us-east-1:401739135392:subnet/subnet-03da0975c961b037e",
            "assign_ipv6_address_on_creation": false,
            "availability_zone": "us-east-1a",
            "availability_zone_id": "use1-az2",
            "cidr_block": "10.0.1.0/24",
            "customer_owned_ipv4_pool": "",
            "enable_dns64": false,
            "enable_lni_at_device_index": 0,
            "enable_resource_name_dns_a_record_on_launch": false,
            "enable_resource_name_dns_aaaa_record_on_launch": false,
            "id": "subnet-03da0975c961b037e",
            "ipv6_cidr_block": "",
            "ipv6_cidr_block_association_id": "",
            "ipv6_native": false,
            "map_customer_owned_ip_on_launch": false,
            "map_public_ip_on_launch": true,
            "outpost_arn": "",
            "owner_id": "401739135392",
            "private_dns_hostname_type_on_launch": "ip-name",
            "tags": {
              "Name": "My_VPC_Subnets"
            },
            "tags_all": {
              "Name": "My_VPC_Subnets"
            },
            "timeouts": null,
            "vpc_id": "vpc-06774e8ec1168c6d2"
          },
          "sensitive_attributes": [],
          "private": "eyJlMmJmYjczMC1lY2FhLTExZTYtOGY4OC0zNDM2M2JjN2M0YzAiOnsiY3JlYXRlIjo2MDAwMDAwMDAwMDAsImRlbGV0ZSI6MTIwMDAwMDAwMDAwMH0sInNjaGVtYV92ZXJzaW9uIjoiMSJ9",
          "dependencies": [
            "aws_vpc.my_vpc",
            "data.aws_availability_zones.available"
          ]
        },
        {
          "index_key": 1,
          "schema_version": 1,
          "attributes": {
            "arn": "arn:aws:ec2:us-east-1:401739135392:subnet/subnet-0d21b2882ab33e6c0",
            "assign_ipv6_address_on_creation": false,
            "availability_zone": "us-east-1b",
            "availability_zone_id": "use1-az4",
            "cidr_block": "10.0.2.0/24",
            "customer_owned_ipv4_pool": "",
            "enable_dns64": false,
            "enable_lni_at_device_index": 0,
            "enable_resource_name_dns_a_record_on_launch": false,
            "enable_resource_name_dns_aaaa_record_on_launch": false,
            "id": "subnet-0d21b2882ab33e6c0",
            "ipv6_cidr_block": "",
            "ipv6_cidr_block_association_id": "",
            "ipv6_native": false,
            "map_customer_owned_ip_on_launch": false,
            "map_public_ip_on_launch": true,
            "outpost_arn": "",
            "owner_id": "401739135392",
            "private_dns_hostname_type_on_launch": "ip-name",
            "tags": {
              "Name": "My_VPC_Subnets"
            },
            "tags_all": {
              "Name": "My_VPC_Subnets"
            },
            "timeouts": null,
            "vpc_id": "vpc-06774e8ec1168c6d2"
          },
          "sensitive_attributes": [],
          "private": "eyJlMmJmYjczMC1lY2FhLTExZTYtOGY4OC0zNDM2M2JjN2M0YzAiOnsiY3JlYXRlIjo2MDAwMDAwMDAwMDAsImRlbGV0ZSI6MTIwMDAwMDAwMDAwMH0sInNjaGVtYV92ZXJzaW9uIjoiMSJ9",
          "dependencies": [
            "aws_vpc.my_vpc",
            "data.aws_availability_zones.available"
          ]
        }
      ]
    },
    {
      "mode": "managed",
      "type": "aws_vpc",
      "name": "my_vpc",
      "provider": "provider[\"registry.terraform.io/hashicorp/aws\"]",
      "instances": [
        {
          "schema_version": 1,
          "attributes": {
            "arn": "arn:aws:ec2:us-east-1:401739135392:vpc/vpc-06774e8ec1168c6d2",
            "assign_generated_ipv6_cidr_block": false,
            "cidr_block": "10.0.0.0/16",
            "default_network_acl_id": "acl-052a5db13c9910df0",
            "default_route_table_id": "rtb-0a2bc45243e1fd76c",
            "default_security_group_id": "sg-0237bd2b6e1b644f3",
            "dhcp_options_id": "dopt-0c84047b7104dabbc",
            "enable_dns_hostnames": true,
            "enable_dns_support": true,
            "enable_network_address_usage_metrics": false,
            "id": "vpc-06774e8ec1168c6d2",
            "instance_tenancy": "default",
            "ipv4_ipam_pool_id": null,
            "ipv4_netmask_length": null,
            "ipv6_association_id": "",
            "ipv6_cidr_block": "",
            "ipv6_cidr_block_network_border_group": "",
            "ipv6_ipam_pool_id": "",
            "ipv6_netmask_length": 0,
            "main_route_table_id": "rtb-0a2bc45243e1fd76c",
            "owner_id": "401739135392",
            "tags": {
              "Name": "My_VPC"
            },
            "tags_all": {
              "Name": "My_VPC"
            }
          },
          "sensitive_attributes": [],
          "private": "eyJzY2hlbWFfdmVyc2lvbiI6IjEifQ=="
        }
      ]
    }
  ],
  "check_results": null
}
